{
  "name": "nota-service-hp",
  "version": "1.0.0",
  "lockfileVersion": 3,
  "requires": true,
  "packages": {
    "": {
      "name": "nota-service-hp",
      "version": "1.0.0",
      "license": "MIT",
      "dependencies": {
        "@capacitor/android": "^6.2.0",
        "@capacitor/app": "^6.0.2",
        "@capacitor/app-launcher": "^6.0.3",
        "@capacitor/camera": "^6.1.2",
        "@capacitor-community/bluetooth-le": "^6.1.0",
        "@capacitor-community/contacts": "^6.0.0",
        "@capacitor/core": "^6.2.0",
        "@capacitor/filesystem": "^6.0.2",
        "@capacitor/preferences": "^6.0.3",
        "@capacitor/share": "^6.0.3",
        "@capacitor/splash-screen": "^6.0.3",
        "@capacitor/status-bar": "^6.0.2"
      },
      "devDependencies": {
        "@capacitor/cli": "^6.2.0"
      }
    }
  }
}
